// !$*UTF8*$!
{
	archiveVersion = 1;
	classes = {
	};
	objectVersion = 77;
	objects = {

/* Begin PBXContainerItemProxy section */
		D0608EA82E006ABF00AD3A26 /* PBXContainerItemProxy */ = {
			isa = PBXContainerItemProxy;
			containerPortal = D0608E892E006AB400AD3A26 /* Project object */;
			proxyType = 1;
			remoteGlobalIDString = D0608E902E006AB400AD3A26;
			remoteInfo = PlayAround;
		};
		D0608EB22E006ABF00AD3A26 /* PBXContainerItemProxy */ = {
			isa = PBXContainerItemProxy;
			containerPortal = D0608E892E006AB400AD3A26 /* Project object */;
			proxyType = 1;
			remoteGlobalIDString = D0608E902E006AB400AD3A26;
			remoteInfo = PlayAround;
		};
/* End PBXContainerItemProxy section */

/* Begin PBXFileReference section */
		D0608E912E006AB400AD3A26 /* PlayAround.app */ = {isa = PBXFileReference; explicitFileType = wrapper.application; includeInIndex = 0; path = PlayAround.app; sourceTree = BUILT_PRODUCTS_DIR; };
		D0608EA72E006ABF00AD3A26 /* PlayAroundTests.xctest */ = {isa = PBXFileReference; explicitFileType = wrapper.cfbundle; includeInIndex = 0; path = PlayAroundTests.xctest; sourceTree = BUILT_PRODUCTS_DIR; };
		D0608EB12E006ABF00AD3A26 /* PlayAroundUITests.xctest */ = {isa = PBXFileReference; explicitFileType = wrapper.cfbundle; includeInIndex = 0; path = PlayAroundUITests.xctest; sourceTree = BUILT_PRODUCTS_DIR; };
/* End PBXFileReference section */

/* Begin PBXFileSystemSynchronizedBuildFileExceptionSet section */
		D0608EB92E006ABF00AD3A26 /* Exceptions for "PlayAround" folder in "PlayAround" target */ = {
			isa = PBXFileSystemSynchronizedBuildFileExceptionSet;
			membershipExceptions = (
				Info.plist,
			);
			target = D0608E902E006AB400AD3A26 /* PlayAround */;
		};
/* End PBXFileSystemSynchronizedBuildFileExceptionSet section */

/* Begin PBXFileSystemSynchronizedRootGroup section */
		D0608E932E006AB400AD3A26 /* PlayAround */ = {
			isa = PBXFileSystemSynchronizedRootGroup;
			exceptions = (
				D0608EB92E006ABF00AD3A26 /* Exceptions for "PlayAround" folder in "PlayAround" target */,
			);
			path = PlayAround;
			sourceTree = "<group>";
		};
		D0608EAA2E006ABF00AD3A26 /* PlayAroundTests */ = {
			isa = PBXFileSystemSynchronizedRootGroup;
			path = PlayAroundTests;
			sourceTree = "<group>";
		};
		D0608EB42E006ABF00AD3A26 /* PlayAroundUITests */ = {
			isa = PBXFileSystemSynchronizedRootGroup;
			path = PlayAroundUITests;
			sourceTree = "<group>";
		};
/* End PBXFileSystemSynchronizedRootGroup section */

/* Begin PBXFrameworksBuildPhase section */
		D0608E8E2E006AB400AD3A26 /* Frameworks */ = {
			isa = PBXFrameworksBuildPhase;
			buildActionMask = 2147483647;
			files = (
			);
			runOnlyForDeploymentPostprocessing = 0;
		};
		D0608EA42E006ABF00AD3A26 /* Frameworks */ = {
			isa = PBXFrameworksBuildPhase;
			buildActionMask = 2147483647;
			files = (
			);
			runOnlyForDeploymentPostprocessing = 0;
		};
		D0608EAE2E006ABF00AD3A26 /* Frameworks */ = {
			isa = PBXFrameworksBuildPhase;
			buildActionMask = 2147483647;
			files = (
			);
			runOnlyForDeploymentPostprocessing = 0;
		};
/* End PBXFrameworksBuildPhase section */

/* Begin PBXGroup section */
		D0608E882E006AB400AD3A26 = {
			isa = PBXGroup;
			children = (
				D0608E932E006AB400AD3A26 /* PlayAround */,
				D0608EAA2E006ABF00AD3A26 /* PlayAroundTests */,
				D0608EB42E006ABF00AD3A26 /* PlayAroundUITests */,
				D0608E922E006AB400AD3A26 /* Products */,
			);
			sourceTree = "<group>";
		};
		D0608E922E006AB400AD3A26 /* Products */ = {
			isa = PBXGroup;
			children = (
				D0608E912E006AB400AD3A26 /* PlayAround.app */,
				D0608EA72E006ABF00AD3A26 /* PlayAroundTests.xctest */,
				D0608EB12E006ABF00AD3A26 /* PlayAroundUITests.xctest */,
			);
			name = Products;
			sourceTree = "<group>";
		};
/* End PBXGroup section */

/* Begin PBXNativeTarget section */
		D0608E902E006AB400AD3A26 /* PlayAround */ = {
			isa = PBXNativeTarget;
			buildConfigurationList = D0608EBA2E006ABF00AD3A26 /* Build configuration list for PBXNativeTarget "PlayAround" */;
			buildPhases = (
				D0608E8D2E006AB400AD3A26 /* Sources */,
				D0608E8E2E006AB400AD3A26 /* Frameworks */,
				D0608E8F2E006AB400AD3A26 /* Resources */,
			);
			buildRules = (
			);
			dependencies = (
			);
			fileSystemSynchronizedGroups = (
				D0608E932E006AB400AD3A26 /* PlayAround */,
			);
			name = PlayAround;
			packageProductDependencies = (
			);
			productName = PlayAround;
			productReference = D0608E912E006AB400AD3A26 /* PlayAround.app */;
			productType = "com.apple.product-type.application";
		};
		D0608EA62E006ABF00AD3A26 /* PlayAroundTests */ = {
			isa = PBXNativeTarget;
			buildConfigurationList = D0608EBF2E006ABF00AD3A26 /* Build configuration list for PBXNativeTarget "PlayAroundTests" */;
			buildPhases = (
				D0608EA32E006ABF00AD3A26 /* Sources */,
				D0608EA42E006ABF00AD3A26 /* Frameworks */,
				D0608EA52E006ABF00AD3A26 /* Resources */,
			);
			buildRules = (
			);
			dependencies = (
				D0608EA92E006ABF00AD3A26 /* PBXTargetDependency */,
			);
			fileSystemSynchronizedGroups = (
				D0608EAA2E006ABF00AD3A26 /* PlayAroundTests */,
			);
			name = PlayAroundTests;
			packageProductDependencies = (
			);
			productName = PlayAroundTests;
			productReference = D0608EA72E006ABF00AD3A26 /* PlayAroundTests.xctest */;
			productType = "com.apple.product-type.bundle.unit-test";
		};
		D0608EB02E006ABF00AD3A26 /* PlayAroundUITests */ = {
			isa = PBXNativeTarget;
			buildConfigurationList = D0608EC22E006ABF00AD3A26 /* Build configuration list for PBXNativeTarget "PlayAroundUITests" */;
			buildPhases = (
				D0608EAD2E006ABF00AD3A26 /* Sources */,
				D0608EAE2E006ABF00AD3A26 /* Frameworks */,
				D0608EAF2E006ABF00AD3A26 /* Resources */,
			);
			buildRules = (
			);
			dependencies = (
				D0608EB32E006ABF00AD3A26 /* PBXTargetDependency */,
			);
			fileSystemSynchronizedGroups = (
				D0608EB42E006ABF00AD3A26 /* PlayAroundUITests */,
			);
			name = PlayAroundUITests;
			packageProductDependencies = (
			);
			productName = PlayAroundUITests;
			productReference = D0608EB12E006ABF00AD3A26 /* PlayAroundUITests.xctest */;
			productType = "com.apple.product-type.bundle.ui-testing";
		};
/* End PBXNativeTarget section */

/* Begin PBXProject section */
		D0608E892E006AB400AD3A26 /* Project object */ = {
			isa = PBXProject;
			attributes = {
				BuildIndependentTargetsInParallel = 1;
				LastSwiftUpdateCheck = 2600;
				LastUpgradeCheck = 2600;
				TargetAttributes = {
					D0608E902E006AB400AD3A26 = {
						CreatedOnToolsVersion = 26.0;
					};
					D0608EA62E006ABF00AD3A26 = {
						CreatedOnToolsVersion = 26.0;
						TestTargetID = D0608E902E006AB400AD3A26;
					};
					D0608EB02E006ABF00AD3A26 = {
						CreatedOnToolsVersion = 26.0;
						TestTargetID = D0608E902E006AB400AD3A26;
					};
				};
			};
			buildConfigurationList = D0608E8C2E006AB400AD3A26 /* Build configuration list for PBXProject "PlayAround" */;
			developmentRegion = en;
			hasScannedForEncodings = 0;
			knownRegions = (
				en,
				Base,
			);
			mainGroup = D0608E882E006AB400AD3A26;
			minimizedProjectReferenceProxies = 1;
			preferredProjectObjectVersion = 77;
			productRefGroup = D0608E922E006AB400AD3A26 /* Products */;
			projectDirPath = "";
			projectRoot = "";
			targets = (
				D0608E902E006AB400AD3A26 /* PlayAround */,
				D0608EA62E006ABF00AD3A26 /* PlayAroundTests */,
				D0608EB02E006ABF00AD3A26 /* PlayAroundUITests */,
			);
		};
/* End PBXProject section */

/* Begin PBXResourcesBuildPhase section */
		D0608E8F2E006AB400AD3A26 /* Resources */ = {
			isa = PBXResourcesBuildPhase;
			buildActionMask = 2147483647;
			files = (
			);
			runOnlyForDeploymentPostprocessing = 0;
		};
		D0608EA52E006ABF00AD3A26 /* Resources */ = {
			isa = PBXResourcesBuildPhase;
			buildActionMask = 2147483647;
			files = (
			);
			runOnlyForDeploymentPostprocessing = 0;
		};
		D0608EAF2E006ABF00AD3A26 /* Resources */ = {
			isa = PBXResourcesBuildPhase;
			buildActionMask = 2147483647;
			files = (
			);
			runOnlyForDeploymentPostprocessing = 0;
		};
/* End PBXResourcesBuildPhase section */

/* Begin PBXSourcesBuildPhase section */
		D0608E8D2E006AB400AD3A26 /* Sources */ = {
			isa = PBXSourcesBuildPhase;
			buildActionMask = 2147483647;
			files = (
			);
			runOnlyForDeploymentPostprocessing = 0;
		};
		D0608EA32E006ABF00AD3A26 /* Sources */ = {
			isa = PBXSourcesBuildPhase;
			buildActionMask = 2147483647;
			files = (
			);
			runOnlyForDeploymentPostprocessing = 0;
		};
		D0608EAD2E006ABF00AD3A26 /* Sources */ = {
			isa = PBXSourcesBuildPhase;
			buildActionMask = 2147483647;
			files = (
			);
			runOnlyForDeploymentPostprocessing = 0;
		};
/* End PBXSourcesBuildPhase section */

/* Begin PBXTargetDependency section */
		D0608EA92E006ABF00AD3A26 /* PBXTargetDependency */ = {
			isa = PBXTargetDependency;
			target = D0608E902E006AB400AD3A26 /* PlayAround */;
			targetProxy = D0608EA82E006ABF00AD3A26 /* PBXContainerItemProxy */;
		};
		D0608EB32E006ABF00AD3A26 /* PBXTargetDependency */ = {
			isa = PBXTargetDependency;
			target = D0608E902E006AB400AD3A26 /* PlayAround */;
			targetProxy = D0608EB22E006ABF00AD3A26 /* PBXContainerItemProxy */;
		};
/* End PBXTargetDependency section */

/* Begin XCBuildConfiguration section */
		D0608EBB2E006ABF00AD3A26 /* Debug */ = {
			isa = XCBuildConfiguration;
			buildSettings = {
				ASSETCATALOG_COMPILER_APPICON_NAME = AppIcon;
				ASSETCATALOG_COMPILER_GLOBAL_ACCENT_COLOR_NAME = AccentColor;
				CODE_SIGN_STYLE = Automatic;
				CURRENT_PROJECT_VERSION = 1;
				DEVELOPMENT_TEAM = VEKTX9H2N7;
				GENERATE_INFOPLIST_FILE = YES;
				INFOPLIST_FILE = PlayAround/Info.plist;
				INFOPLIST_KEY_UIApplicationSupportsIndirectInputEvents = YES;
				INFOPLIST_KEY_UILaunchStoryboardName = LaunchScreen;
				INFOPLIST_KEY_UISupportedInterfaceOrientations_iPad = "UIInterfaceOrientationPortrait UIInterfaceOrientationPortraitUpsideDown UIInterfaceOrientationLandscapeLeft UIInterfaceOrientationLandscapeRight";
				INFOPLIST_KEY_UISupportedInterfaceOrientations_iPhone = "UIInterfaceOrientationPortrait UIInterfaceOrientationLandscapeLeft UIInterfaceOrientationLandscapeRight";
				IPHONEOS_DEPLOYMENT_TARGET = 18.0;
				LD_RUNPATH_SEARCH_PATHS = (
					"$(inherited)",
					"@executable_path/Frameworks",
				);
				MARKETING_VERSION = 1.0;
				PRODUCT_BUNDLE_IDENTIFIER = "org.iron-ham.PlayAround";
				PRODUCT_NAME = "$(TARGET_NAME)";
				STRING_CATALOG_GENERATE_SYMBOLS = YES;
				SWIFT_DEFAULT_ACTOR_ISOLATION = MainActor;
				SWIFT_EMIT_LOC_STRINGS = YES;
				SWIFT_UPCOMING_FEATURE_MEMBER_IMPORT_VISIBILITY = YES;
				SWIFT_VERSION = 6.0;
				TARGETED_DEVICE_FAMILY = "1,2";
			};
			name = Debug;
		};
		D0608EBC2E006ABF00AD3A26 /* Release */ = {
			isa = XCBuildConfiguration;
			buildSettings = {
				ASSETCATALOG_COMPILER_APPICON_NAME = AppIcon;
				ASSETCATALOG_COMPILER_GLOBAL_ACCENT_COLOR_NAME = AccentColor;
				CODE_SIGN_STYLE = Automatic;
				CURRENT_PROJECT_VERSION = 1;
				DEVELOPMENT_TEAM = VEKTX9H2N7;
				GENERATE_INFOPLIST_FILE = YES;
				INFOPLIST_FILE = PlayAround/Info.plist;
				INFOPLIST_KEY_UIApplicationSupportsIndirectInputEvents = YES;
				INFOPLIST_KEY_UILaunchStoryboardName = LaunchScreen;
				INFOPLIST_KEY_UISupportedInterfaceOrientations_iPad = "UIInterfaceOrientationPortrait UIInterfaceOrientationPortraitUpsideDown UIInterfaceOrientationLandscapeLeft UIInterfaceOrientationLandscapeRight";
				INFOPLIST_KEY_UISupportedInterfaceOrientations_iPhone = "UIInterfaceOrientationPortrait UIInterfaceOrientationLandscapeLeft UIInterfaceOrientationLandscapeRight";
				IPHONEOS_DEPLOYMENT_TARGET = 18.0;
				LD_RUNPATH_SEARCH_PATHS = (
					"$(inherited)",
					"@executable_path/Frameworks",
				);
				MARKETING_VERSION = 1.0;
				PRODUCT_BUNDLE_IDENTIFIER = "org.iron-ham.PlayAround";
				PRODUCT_NAME = "$(TARGET_NAME)";
				STRING_CATALOG_GENERATE_SYMBOLS = YES;
				SWIFT_DEFAULT_ACTOR_ISOLATION = MainActor;
				SWIFT_EMIT_LOC_STRINGS = YES;
				SWIFT_UPCOMING_FEATURE_MEMBER_IMPORT_VISIBILITY = YES;
				SWIFT_VERSION = 6.0;
				TARGETED_DEVICE_FAMILY = "1,2";
			};
			name = Release;
		};
		D0608EBD2E006ABF00AD3A26 /* Debug */ = {
			isa = XCBuildConfiguration;
			buildSettings = {
				ALWAYS_SEARCH_USER_PATHS = NO;
				ASSETCATALOG_COMPILER_GENERATE_SWIFT_ASSET_SYMBOL_EXTENSIONS = YES;
				CLANG_ANALYZER_NONNULL = YES;
				CLANG_ANALYZER_NUMBER_OBJECT_CONVERSION = YES_AGGRESSIVE;
				CLANG_CXX_LANGUAGE_STANDARD = "gnu++20";
				CLANG_ENABLE_MODULES = YES;
				CLANG_ENABLE_OBJC_ARC = YES;
				CLANG_ENABLE_OBJC_WEAK = YES;
				CLANG_WARN_BLOCK_CAPTURE_AUTORELEASING = YES;
				CLANG_WARN_BOOL_CONVERSION = YES;
				CLANG_WARN_COMMA = YES;
				CLANG_WARN_CONSTANT_CONVERSION = YES;
				CLANG_WARN_DEPRECATED_OBJC_IMPLEMENTATIONS = YES;
				CLANG_WARN_DIRECT_OBJC_ISA_USAGE = YES_ERROR;
				CLANG_WARN_DOCUMENTATION_COMMENTS = YES;
				CLANG_WARN_EMPTY_BODY = YES;
				CLANG_WARN_ENUM_CONVERSION = YES;
				CLANG_WARN_INFINITE_RECURSION = YES;
				CLANG_WARN_INT_CONVERSION = YES;
				CLANG_WARN_NON_LITERAL_NULL_CONVERSION = YES;
				CLANG_WARN_OBJC_IMPLICIT_RETAIN_SELF = YES;
				CLANG_WARN_OBJC_LITERAL_CONVERSION = YES;
				CLANG_WARN_OBJC_ROOT_CLASS = YES_ERROR;
				CLANG_WARN_QUOTED_INCLUDE_IN_FRAMEWORK_HEADER = YES;
				CLANG_WARN_RANGE_LOOP_ANALYSIS = YES;
				CLANG_WARN_STRICT_PROTOTYPES = YES;
				CLANG_WARN_SUSPICIOUS_MOVE = YES;
				CLANG_WARN_UNGUARDED_AVAILABILITY = YES_AGGRESSIVE;
				CLANG_WARN_UNREACHABLE_CODE = YES;
				CLANG_WARN__DUPLICATE_METHOD_MATCH = YES;
				COPY_PHASE_STRIP = NO;
				DEBUG_INFORMATION_FORMAT = dwarf;
				DEVELOPMENT_TEAM = VEKTX9H2N7;
				ENABLE_STRICT_OBJC_MSGSEND = YES;
				ENABLE_TESTABILITY = YES;
				ENABLE_USER_SCRIPT_SANDBOXING = YES;
				GCC_C_LANGUAGE_STANDARD = gnu17;
				GCC_DYNAMIC_NO_PIC = NO;
				GCC_NO_COMMON_BLOCKS = YES;
				GCC_OPTIMIZATION_LEVEL = 0;
				GCC_PREPROCESSOR_DEFINITIONS = (
					"DEBUG=1",
					"$(inherited)",
				);
				GCC_WARN_64_TO_32_BIT_CONVERSION = YES;
				GCC_WARN_ABOUT_RETURN_TYPE = YES_ERROR;
				GCC_WARN_UNDECLARED_SELECTOR = YES;
				GCC_WARN_UNINITIALIZED_AUTOS = YES_AGGRESSIVE;
				GCC_WARN_UNUSED_FUNCTION = YES;
				GCC_WARN_UNUSED_VARIABLE = YES;
				IPHONEOS_DEPLOYMENT_TARGET = 26.0;
				LOCALIZATION_PREFERS_STRING_CATALOGS = YES;
				MTL_ENABLE_DEBUG_INFO = INCLUDE_SOURCE;
				MTL_FAST_MATH = YES;
				ONLY_ACTIVE_ARCH = YES;
				SDKROOT = iphoneos;
				SWIFT_ACTIVE_COMPILATION_CONDITIONS = "DEBUG $(inherited)";
				SWIFT_OPTIMIZATION_LEVEL = "-Onone";
			};
			name = Debug;
		};
		D0608EBE2E006ABF00AD3A26 /* Release */ = {
			isa = XCBuildConfiguration;
			buildSettings = {
				ALWAYS_SEARCH_USER_PATHS = NO;
				ASSETCATALOG_COMPILER_GENERATE_SWIFT_ASSET_SYMBOL_EXTENSIONS = YES;
				CLANG_ANALYZER_NONNULL = YES;
				CLANG_ANALYZER_NUMBER_OBJECT_CONVERSION = YES_AGGRESSIVE;
				CLANG_CXX_LANGUAGE_STANDARD = "gnu++20";
				CLANG_ENABLE_MODULES = YES;
				CLANG_ENABLE_OBJC_ARC = YES;
				CLANG_ENABLE_OBJC_WEAK = YES;
				CLANG_WARN_BLOCK_CAPTURE_AUTORELEASING = YES;
				CLANG_WARN_BOOL_CONVERSION = YES;
				CLANG_WARN_COMMA = YES;
				CLANG_WARN_CONSTANT_CONVERSION = YES;
				CLANG_WARN_DEPRECATED_OBJC_IMPLEMENTATIONS = YES;
				CLANG_WARN_DIRECT_OBJC_ISA_USAGE = YES_ERROR;
				CLANG_WARN_DOCUMENTATION_COMMENTS = YES;
				CLANG_WARN_EMPTY_BODY = YES;
				CLANG_WARN_ENUM_CONVERSION = YES;
				CLANG_WARN_INFINITE_RECURSION = YES;
				CLANG_WARN_INT_CONVERSION = YES;
				CLANG_WARN_NON_LITERAL_NULL_CONVERSION = YES;
				CLANG_WARN_OBJC_IMPLICIT_RETAIN_SELF = YES;
				CLANG_WARN_OBJC_LITERAL_CONVERSION = YES;
				CLANG_WARN_OBJC_ROOT_CLASS = YES_ERROR;
				CLANG_WARN_QUOTED_INCLUDE_IN_FRAMEWORK_HEADER = YES;
				CLANG_WARN_RANGE_LOOP_ANALYSIS = YES;
				CLANG_WARN_STRICT_PROTOTYPES = YES;
				CLANG_WARN_SUSPICIOUS_MOVE = YES;
				CLANG_WARN_UNGUARDED_AVAILABILITY = YES_AGGRESSIVE;
				CLANG_WARN_UNREACHABLE_CODE = YES;
				CLANG_WARN__DUPLICATE_METHOD_MATCH = YES;
				COPY_PHASE_STRIP = NO;
				DEBUG_INFORMATION_FORMAT = "dwarf-with-dsym";
				DEVELOPMENT_TEAM = VEKTX9H2N7;
				ENABLE_NS_ASSERTIONS = NO;
				ENABLE_STRICT_OBJC_MSGSEND = YES;
				ENABLE_USER_SCRIPT_SANDBOXING = YES;
				GCC_C_LANGUAGE_STANDARD = gnu17;
				GCC_NO_COMMON_BLOCKS = YES;
				GCC_WARN_64_TO_32_BIT_CONVERSION = YES;
				GCC_WARN_ABOUT_RETURN_TYPE = YES_ERROR;
				GCC_WARN_UNDECLARED_SELECTOR = YES;
				GCC_WARN_UNINITIALIZED_AUTOS = YES_AGGRESSIVE;
				GCC_WARN_UNUSED_FUNCTION = YES;
				GCC_WARN_UNUSED_VARIABLE = YES;
				IPHONEOS_DEPLOYMENT_TARGET = 26.0;
				LOCALIZATION_PREFERS_STRING_CATALOGS = YES;
				MTL_ENABLE_DEBUG_INFO = NO;
				MTL_FAST_MATH = YES;
				SDKROOT = iphoneos;
				SWIFT_COMPILATION_MODE = wholemodule;
				VALIDATE_PRODUCT = YES;
			};
			name = Release;
		};
		D0608EC02E006ABF00AD3A26 /* Debug */ = {
			isa = XCBuildConfiguration;
			buildSettings = {
				BUNDLE_LOADER = "$(TEST_HOST)";
				CODE_SIGN_STYLE = Automatic;
				CURRENT_PROJECT_VERSION = 1;
				DEVELOPMENT_TEAM = VEKTX9H2N7;
				GENERATE_INFOPLIST_FILE = YES;
				IPHONEOS_DEPLOYMENT_TARGET = 26.0;
				MARKETING_VERSION = 1.0;
				PRODUCT_BUNDLE_IDENTIFIER = "org.iron-ham.PlayAroundTests";
				PRODUCT_NAME = "$(TARGET_NAME)";
				STRING_CATALOG_GENERATE_SYMBOLS = NO;
				SWIFT_EMIT_LOC_STRINGS = NO;
				SWIFT_UPCOMING_FEATURE_MEMBER_IMPORT_VISIBILITY = YES;
				SWIFT_VERSION = 5.0;
				TARGETED_DEVICE_FAMILY = "1,2";
				TEST_HOST = "$(BUILT_PRODUCTS_DIR)/PlayAround.app/$(BUNDLE_EXECUTABLE_FOLDER_PATH)/PlayAround";
			};
			name = Debug;
		};
		D0608EC12E006ABF00AD3A26 /* Release */ = {
			isa = XCBuildConfiguration;
			buildSettings = {
				BUNDLE_LOADER = "$(TEST_HOST)";
				CODE_SIGN_STYLE = Automatic;
				CURRENT_PROJECT_VERSION = 1;
				DEVELOPMENT_TEAM = VEKTX9H2N7;
				GENERATE_INFOPLIST_FILE = YES;
				IPHONEOS_DEPLOYMENT_TARGET = 26.0;
				MARKETING_VERSION = 1.0;
				PRODUCT_BUNDLE_IDENTIFIER = "org.iron-ham.PlayAroundTests";
				PRODUCT_NAME = "$(TARGET_NAME)";
				STRING_CATALOG_GENERATE_SYMBOLS = NO;
				SWIFT_EMIT_LOC_STRINGS = NO;
				SWIFT_UPCOMING_FEATURE_MEMBER_IMPORT_VISIBILITY = YES;
				SWIFT_VERSION = 5.0;
				TARGETED_DEVICE_FAMILY = "1,2";
				TEST_HOST = "$(BUILT_PRODUCTS_DIR)/PlayAround.app/$(BUNDLE_EXECUTABLE_FOLDER_PATH)/PlayAround";
			};
			name = Release;
		};
		D0608EC32E006ABF00AD3A26 /* Debug */ = {
			isa = XCBuildConfiguration;
			buildSettings = {
				CODE_SIGN_STYLE = Automatic;
				CURRENT_PROJECT_VERSION = 1;
				DEVELOPMENT_TEAM = VEKTX9H2N7;
				GENERATE_INFOPLIST_FILE = YES;
				MARKETING_VERSION = 1.0;
				PRODUCT_BUNDLE_IDENTIFIER = "org.iron-ham.PlayAroundUITests";
				PRODUCT_NAME = "$(TARGET_NAME)";
				STRING_CATALOG_GENERATE_SYMBOLS = NO;
				SWIFT_EMIT_LOC_STRINGS = NO;
				SWIFT_UPCOMING_FEATURE_MEMBER_IMPORT_VISIBILITY = YES;
				SWIFT_VERSION = 5.0;
				TARGETED_DEVICE_FAMILY = "1,2";
				TEST_TARGET_NAME = PlayAround;
			};
			name = Debug;
		};
		D0608EC42E006ABF00AD3A26 /* Release */ = {
			isa = XCBuildConfiguration;
			buildSettings = {
				CODE_SIGN_STYLE = Automatic;
				CURRENT_PROJECT_VERSION = 1;
				DEVELOPMENT_TEAM = VEKTX9H2N7;
				GENERATE_INFOPLIST_FILE = YES;
				MARKETING_VERSION = 1.0;
				PRODUCT_BUNDLE_IDENTIFIER = "org.iron-ham.PlayAroundUITests";
				PRODUCT_NAME = "$(TARGET_NAME)";
				STRING_CATALOG_GENERATE_SYMBOLS = NO;
				SWIFT_EMIT_LOC_STRINGS = NO;
				SWIFT_UPCOMING_FEATURE_MEMBER_IMPORT_VISIBILITY = YES;
				SWIFT_VERSION = 5.0;
				TARGETED_DEVICE_FAMILY = "1,2";
				TEST_TARGET_NAME = PlayAround;
			};
			name = Release;
		};
/* End XCBuildConfiguration section */

/* Begin XCConfigurationList section */
		D0608E8C2E006AB400AD3A26 /* Build configuration list for PBXProject "PlayAround" */ = {
			isa = XCConfigurationList;
			buildConfigurations = (
				D0608EBD2E006ABF00AD3A26 /* Debug */,
				D0608EBE2E006ABF00AD3A26 /* Release */,
			);
			defaultConfigurationIsVisible = 0;
			defaultConfigurationName = Release;
		};
		D0608EBA2E006ABF00AD3A26 /* Build configuration list for PBXNativeTarget "PlayAround" */ = {
			isa = XCConfigurationList;
			buildConfigurations = (
				D0608EBB2E006ABF00AD3A26 /* Debug */,
				D0608EBC2E006ABF00AD3A26 /* Release */,
			);
			defaultConfigurationIsVisible = 0;
			defaultConfigurationName = Release;
		};
		D0608EBF2E006ABF00AD3A26 /* Build configuration list for PBXNativeTarget "PlayAroundTests" */ = {
			isa = XCConfigurationList;
			buildConfigurations = (
				D0608EC02E006ABF00AD3A26 /* Debug */,
				D0608EC12E006ABF00AD3A26 /* Release */,
			);
			defaultConfigurationIsVisible = 0;
			defaultConfigurationName = Release;
		};
		D0608EC22E006ABF00AD3A26 /* Build configuration list for PBXNativeTarget "PlayAroundUITests" */ = {
			isa = XCConfigurationList;
			buildConfigurations = (
				D0608EC32E006ABF00AD3A26 /* Debug */,
				D0608EC42E006ABF00AD3A26 /* Release */,
			);
			defaultConfigurationIsVisible = 0;
			defaultConfigurationName = Release;
		};
/* End XCConfigurationList section */
	};
	rootObject = D0608E892E006AB400AD3A26 /* Project object */;
}
